
Microsoft Visual Studio Solution File, Format Version 12.00
# Visual Studio Version 16
VisualStudioVersion = 16.0.30225.117
MinimumVisualStudioVersion = 10.0.40219.1
Project("{2150E333-8FDC-42A3-9474-1A3956D46DE8}") = "src", "src", "{D613C71B-A6E9-4E61-B8A7-E8409E5CB2ED}"
EndProject
Project("{2150E333-8FDC-42A3-9474-1A3956D46DE8}") = "test", "test", "{0B6C95E4-A6C3-447C-93A7-0AF52E9624F9}"
EndProject
Project("{9A19103F-16F7-4668-BE54-9A1E7A4F7556}") = "PBR.Core", "src\PBR.Core\PBR.Core.csproj", "{069AD288-CBA0-4E40-AB75-0345E7B40FEF}"
EndProject
Project("{9A19103F-16F7-4668-BE54-9A1E7A4F7556}") = "PBR.Infrastructure", "src\PBR.Infrastructure\PBR.Infrastructure.csproj", "{0ECA64A8-7856-4111-8E80-B8275D03E6D4}"
EndProject
Project("{9A19103F-16F7-4668-BE54-9A1E7A4F7556}") = "PBR.Application", "src\PBR.Application\PBR.Application.csproj", "{05FB202E-64D4-4EC8-A704-391527B032D8}"
EndProject
Project("{9A19103F-16F7-4668-BE54-9A1E7A4F7556}") = "PBR.WebApi", "src\PBR.WebApi\PBR.WebApi.csproj", "{5BCB5F05-A825-4F09-90E7-9CF62D59DAD9}"
EndProject
Global
	GlobalSection(SolutionConfigurationPlatforms) = preSolution
		Debug|Any CPU = Debug|Any CPU
		Release|Any CPU = Release|Any CPU
	EndGlobalSection
	GlobalSection(ProjectConfigurationPlatforms) = postSolution
		{069AD288-CBA0-4E40-AB75-0345E7B40FEF}.Debug|Any CPU.ActiveCfg = Debug|Any CPU
		{069AD288-CBA0-4E40-AB75-0345E7B40FEF}.Debug|Any CPU.Build.0 = Debug|Any CPU
		{069AD288-CBA0-4E40-AB75-0345E7B40FEF}.Release|Any CPU.ActiveCfg = Release|Any CPU
		{069AD288-CBA0-4E40-AB75-0345E7B40FEF}.Release|Any CPU.Build.0 = Release|Any CPU
		{0ECA64A8-7856-4111-8E80-B8275D03E6D4}.Debug|Any CPU.ActiveCfg = Debug|Any CPU
		{0ECA64A8-7856-4111-8E80-B8275D03E6D4}.Debug|Any CPU.Build.0 = Debug|Any CPU
		{0ECA64A8-7856-4111-8E80-B8275D03E6D4}.Release|Any CPU.ActiveCfg = Release|Any CPU
		{0ECA64A8-7856-4111-8E80-B8275D03E6D4}.Release|Any CPU.Build.0 = Release|Any CPU
		{05FB202E-64D4-4EC8-A704-391527B032D8}.Debug|Any CPU.ActiveCfg = Debug|Any CPU
		{05FB202E-64D4-4EC8-A704-391527B032D8}.Debug|Any CPU.Build.0 = Debug|Any CPU
		{05FB202E-64D4-4EC8-A704-391527B032D8}.Release|Any CPU.ActiveCfg = Release|Any CPU
		{05FB202E-64D4-4EC8-A704-391527B032D8}.Release|Any CPU.Build.0 = Release|Any CPU
		{5BCB5F05-A825-4F09-90E7-9CF62D59DAD9}.Debug|Any CPU.ActiveCfg = Debug|Any CPU
		{5BCB5F05-A825-4F09-90E7-9CF62D59DAD9}.Debug|Any CPU.Build.0 = Debug|Any CPU
		{5BCB5F05-A825-4F09-90E7-9CF62D59DAD9}.Release|Any CPU.ActiveCfg = Release|Any CPU
		{5BCB5F05-A825-4F09-90E7-9CF62D59DAD9}.Release|Any CPU.Build.0 = Release|Any CPU
	EndGlobalSection
	GlobalSection(SolutionProperties) = preSolution
		HideSolutionNode = FALSE
	EndGlobalSection
	GlobalSection(NestedProjects) = preSolution
		{069AD288-CBA0-4E40-AB75-0345E7B40FEF} = {D613C71B-A6E9-4E61-B8A7-E8409E5CB2ED}
		{0ECA64A8-7856-4111-8E80-B8275D03E6D4} = {D613C71B-A6E9-4E61-B8A7-E8409E5CB2ED}
		{05FB202E-64D4-4EC8-A704-391527B032D8} = {D613C71B-A6E9-4E61-B8A7-E8409E5CB2ED}
		{5BCB5F05-A825-4F09-90E7-9CF62D59DAD9} = {D613C71B-A6E9-4E61-B8A7-E8409E5CB2ED}
	EndGlobalSection
	GlobalSection(ExtensibilityGlobals) = postSolution
		SolutionGuid = {1C494A7F-9310-45B3-9696-81FAD59D7B09}
	EndGlobalSection
EndGlobal
